
Microsoft Visual Studio Solution File, Format Version 12.00
# Visual Studio 15
Project("{FAE04EC0-301F-11D3-BF4B-00C04F79EFBC}") = "test1", "test1\test1.csproj", "{ED89B75B-8639-44C5-85C1-FC9ADF693738}"
EndProject
Global
	GlobalSection(SolutionConfigurationPlatforms) = preSolution
		Debug|Any CPU = Debug|Any CPU
		Release|Any CPU = Release|Any CPU
	EndGlobalSection
	GlobalSection(ProjectConfigurationPlatforms) = postSolution
		{ED89B75B-8639-44C5-85C1-FC9ADF693738}.Debug|Any CPU.ActiveCfg = Debug|Any CPU
		{ED89B75B-8639-44C5-85C1-FC9ADF693738}.Debug|Any CPU.Build.0 = Debug|Any CPU
		{ED89B75B-8639-44C5-85C1-FC9ADF693738}.Release|Any CPU.ActiveCfg = Release|Any CPU
		{ED89B75B-8639-44C5-85C1-FC9ADF693738}.Release|Any CPU.Build.0 = Release|Any CPU
	EndGlobalSection
EndGlobal
